# This file is automatically @generated by Cargo.
# It is not intended for manual editing.
version = 4

[[package]]
name = "simulator-belt"
version = "0.1.0"

[[package]]
name = "simulator-entity"
version = "0.1.0"

[[package]]
name = "simulator-lane-compiler"
version = "0.1.0"

[[package]]
name = "simulator-surface"
version = "0.1.0"
